
Microsoft Visual Studio Solution File, Format Version 12.00
# Visual Studio Version 17
VisualStudioVersion = 17.0.32014.148
MinimumVisualStudioVersion = 10.0.40219.1
Project("{FAE04EC0-301F-11D3-BF4B-00C04F79EFBC}") = "NumberGuesser", "NumberGuesser\NumberGuesser.csproj", "{F6D22538-87C8-464D-A1CB-C36618470F03}"
EndProject
Global
	GlobalSection(SolutionConfigurationPlatforms) = preSolution
		Debug|Any CPU = Debug|Any CPU
		Release|Any CPU = Release|Any CPU
	EndGlobalSection
	GlobalSection(ProjectConfigurationPlatforms) = postSolution
		{F6D22538-87C8-464D-A1CB-C36618470F03}.Debug|Any CPU.ActiveCfg = Debug|Any CPU
		{F6D22538-87C8-464D-A1CB-C36618470F03}.Debug|Any CPU.Build.0 = Debug|Any CPU
		{F6D22538-87C8-464D-A1CB-C36618470F03}.Release|Any CPU.ActiveCfg = Release|Any CPU
		{F6D22538-87C8-464D-A1CB-C36618470F03}.Release|Any CPU.Build.0 = Release|Any CPU
	EndGlobalSection
	GlobalSection(SolutionProperties) = preSolution
		HideSolutionNode = FALSE
	EndGlobalSection
	GlobalSection(ExtensibilityGlobals) = postSolution
		SolutionGuid = {E9650E20-E434-4C9D-ABD5-D17F2B7DF1A1}
	EndGlobalSection
EndGlobal
